
Microsoft Visual Studio Solution File, Format Version 12.00
# Visual Studio Version 17
VisualStudioVersion = 17.4.33027.239
MinimumVisualStudioVersion = 10.0.40219.1
Project("{2150E333-8FDC-42A3-9474-1A3956D46DE8}") = "src", "src", "{932D8224-11F6-4D07-B109-DA28AD288A63}"
EndProject
Project("{2150E333-8FDC-42A3-9474-1A3956D46DE8}") = "Solution Items", "Solution Items", "{3AF739CD-81D8-428D-A08A-0A58372DEBF6}"
	ProjectSection(SolutionItems) = preProject
		.editorconfig = .editorconfig
		Directory.Build.props = Directory.Build.props
		Directory.Packages.props = Directory.Packages.props
		NuGet.config = NuGet.config
		README.md = README.md
	EndProjectSection
EndProject
Project("{2150E333-8FDC-42A3-9474-1A3956D46DE8}") = "tests", "tests", "{A857AD10-40FF-4303-BEC2-FF1C58D5735E}"
EndProject
Project("{9A19103F-16F7-4668-BE54-9A1E7A4F7556}") = "eShop.AppHost", "src\eShop.AppHost\eShop.AppHost.csproj", "{F3DCC17A-F57E-452B-900D-613957EE34FA}"
EndProject
Project("{9A19103F-16F7-4668-BE54-9A1E7A4F7556}") = "eShop.ServiceDefaults", "src\eShop.ServiceDefaults\eShop.ServiceDefaults.csproj", "{CB04FF2E-F033-487F-8CC1-F2D3490F2187}"
EndProject
Project("{9A19103F-16F7-4668-BE54-9A1E7A4F7556}") = "eShop.IntegrationEventLogEF", "src\eShop.IntegrationEventLogEF\eShop.IntegrationEventLogEF.csproj", "{71B91168-EC19-4F90-8115-5C8CC2433832}"
EndProject
Project("{2150E333-8FDC-42A3-9474-1A3956D46DE8}") = "shared", "shared", "{57C33C59-7015-4819-831D-2FC7CC7DF285}"
	ProjectSection(SolutionItems) = preProject
		tests\shared\AutoNSubstituteDataAttribute.cs = tests\shared\AutoNSubstituteDataAttribute.cs
	EndProjectSection
EndProject
Project("{9A19103F-16F7-4668-BE54-9A1E7A4F7556}") = "eShop.ServiceDefaults.UnitTests", "tests\eShop.ServiceDefaults.UnitTests\eShop.ServiceDefaults.UnitTests.csproj", "{A69A6B40-D9AA-45DF-90BD-1D80D0DA705B}"
EndProject
Project("{9A19103F-16F7-4668-BE54-9A1E7A4F7556}") = "eShop.Shared", "src\eShop.Shared\eShop.Shared.csproj", "{8A590796-7F42-41EA-B25B-5CA8F8174B89}"
EndProject
Project("{9A19103F-16F7-4668-BE54-9A1E7A4F7556}") = "eShop.IntegrationEventLogEF.UnitTests", "tests\eShop.IntegrationEventLogEF.UnitTests\eShop.IntegrationEventLogEF.UnitTests.csproj", "{15DB819C-F402-4B42-B067-4A03C3304527}"
EndProject
Project("{9A19103F-16F7-4668-BE54-9A1E7A4F7556}") = "eShop.Identity.API", "src\eShop.Identity.API\eShop.Identity.API.csproj", "{CD4D47BF-5ED9-4C02-B034-1F237113C948}"
EndProject
Project("{9A19103F-16F7-4668-BE54-9A1E7A4F7556}") = "eShop.AdminApp", "src\eShop.AdminApp\eShop.AdminApp.csproj", "{91B3E40A-5A5D-43A1-9A06-3C39C1E879AF}"
EndProject
Project("{9A19103F-16F7-4668-BE54-9A1E7A4F7556}") = "eShop.Basket.API", "src\eShop.Basket.API\eShop.Basket.API.csproj", "{5179B3CC-A690-4BE0-92F6-517D9991B8B3}"
EndProject
Project("{9A19103F-16F7-4668-BE54-9A1E7A4F7556}") = "eShop.Catalog.API", "src\eShop.Catalog.API\eShop.Catalog.API.csproj", "{6B83C1E6-2CCE-4EB8-BA7E-C299BB1BB9F4}"
EndProject
Project("{9A19103F-16F7-4668-BE54-9A1E7A4F7556}") = "eShop.EventBus", "src\eShop.EventBus\eShop.EventBus.csproj", "{BC0D7453-2A4E-48FD-A947-7FC07367947C}"
EndProject
Project("{9A19103F-16F7-4668-BE54-9A1E7A4F7556}") = "eShop.EventBusRabbitMQ", "src\eShop.EventBusRabbitMQ\eShop.EventBusRabbitMQ.csproj", "{560B1785-AE6E-4A09-BD8D-70E022261521}"
EndProject
Project("{9A19103F-16F7-4668-BE54-9A1E7A4F7556}") = "eShop.Mobile.Bff.Shopping", "src\eShop.Mobile.Bff.Shopping\eShop.Mobile.Bff.Shopping.csproj", "{582B3DA1-2207-4E47-A397-CD14662CC3E7}"
EndProject
Project("{9A19103F-16F7-4668-BE54-9A1E7A4F7556}") = "eShop.Ordering.API", "src\eShop.Ordering.API\eShop.Ordering.API.csproj", "{463FEAF2-49BA-4AED-BC48-72B837E15D8D}"
EndProject
Project("{9A19103F-16F7-4668-BE54-9A1E7A4F7556}") = "eShop.Ordering.Infrastructure", "src\eShop.Ordering.Infrastructure\eShop.Ordering.Infrastructure.csproj", "{B6D41AB8-1AEB-4643-A6B7-129C30442E9E}"
EndProject
Project("{9A19103F-16F7-4668-BE54-9A1E7A4F7556}") = "eShop.OrderProcessor", "src\eShop.OrderProcessor\eShop.OrderProcessor.csproj", "{11112D17-7792-4482-B50D-343E267A38C2}"
EndProject
Project("{9A19103F-16F7-4668-BE54-9A1E7A4F7556}") = "eShop.PaymentProcessor", "src\eShop.PaymentProcessor\eShop.PaymentProcessor.csproj", "{602DA204-9B13-404A-846A-5A51D3D994C4}"
EndProject
Project("{9A19103F-16F7-4668-BE54-9A1E7A4F7556}") = "eShop.Ordering.Domain", "src\eShop.Ordering.Domain\eShop.Ordering.Domain.csproj", "{88F3D7FF-ABC8-4A8F-A58A-98EE91F43D9A}"
EndProject
Project("{9A19103F-16F7-4668-BE54-9A1E7A4F7556}") = "eShop.WebApp", "src\eShop.WebApp\eShop.WebApp.csproj", "{2FF97C5D-8496-40B5-A9C1-21B05409EAB7}"
EndProject
Project("{9A19103F-16F7-4668-BE54-9A1E7A4F7556}") = "eShop.WebAppComponents", "src\eShop.WebAppComponents\eShop.WebAppComponents.csproj", "{432F0581-BB6C-42D7-9611-FAA8896515C4}"
EndProject
Project("{9A19103F-16F7-4668-BE54-9A1E7A4F7556}") = "eShop.WebhookClient", "src\eShop.WebhookClient\eShop.WebhookClient.csproj", "{52122442-04AD-4471-965F-C1A4B69B42DC}"
EndProject
Project("{9A19103F-16F7-4668-BE54-9A1E7A4F7556}") = "eShop.Webhooks.API", "src\eShop.Webhooks.API\eShop.Webhooks.API.csproj", "{3B53D07B-F058-49B1-ADA7-D335A9B5FC76}"
EndProject
Project("{9A19103F-16F7-4668-BE54-9A1E7A4F7556}") = "eShop.Catalog.FunctionalTests", "tests\eShop.Catalog.FunctionalTests\eShop.Catalog.FunctionalTests.csproj", "{9A71E1F9-1832-4644-8DD6-FC1501D7CD9D}"
EndProject
Project("{9A19103F-16F7-4668-BE54-9A1E7A4F7556}") = "eShop.EventBusRabbitMQ.UnitTests", "tests\eShop.EventBusRabbitMQ.UnitTests\eShop.EventBusRabbitMQ.UnitTests.csproj", "{2C29E422-B7BD-4E24-9774-9ECBC8418B39}"
EndProject
Project("{9A19103F-16F7-4668-BE54-9A1E7A4F7556}") = "eShop.Ordering.FunctionalTests", "tests\eShop.Ordering.FunctionalTests\eShop.Ordering.FunctionalTests.csproj", "{B95EC9DB-08A3-4758-90CF-812B353F28CF}"
EndProject
Project("{9A19103F-16F7-4668-BE54-9A1E7A4F7556}") = "eShop.Ordering.UnitTests", "tests\eShop.Ordering.UnitTests\eShop.Ordering.UnitTests.csproj", "{6F00F87B-B1EA-4EF9-B3A5-C73E6BCFA6DB}"
EndProject
Project("{9A19103F-16F7-4668-BE54-9A1E7A4F7556}") = "eShop.Basket.UnitTests", "tests\eShop.Basket.UnitTests\eShop.Basket.UnitTests.csproj", "{5AF6F3D9-E2C9-4BC1-A70D-2D40C8264651}"
EndProject
Project("{FAE04EC0-301F-11D3-BF4B-00C04F79EFBC}") = "eShop.Catalog.UnitTests", "tests\eShop.Catalog.UnitTests\eShop.Catalog.UnitTests.csproj", "{F5927412-7615-4615-9B26-1B8BC4693318}"
EndProject
Project("{FAE04EC0-301F-11D3-BF4B-00C04F79EFBC}") = "eShop.Shared.UnitTests", "tests\eShop.Shared.UnitTests\eShop.Shared.UnitTests.csproj", "{7AA167EE-F6C6-4627-8E0C-CF1CC9BEC594}"
EndProject
Project("{FAE04EC0-301F-11D3-BF4B-00C04F79EFBC}") = "eShop.ClientApp", "src\eShop.ClientApp\eShop.ClientApp.csproj", "{759AC5D5-3F15-4E4F-BF63-65F2E8701038}"
EndProject
Project("{FAE04EC0-301F-11D3-BF4B-00C04F79EFBC}") = "eShop.HybridApp", "src\eShop.HybridApp\eShop.HybridApp.csproj", "{006037A3-E359-4DF0-A772-15E854DC2A1C}"
EndProject
Project("{FAE04EC0-301F-11D3-BF4B-00C04F79EFBC}") = "eShop.ClientApp.UnitTests", "tests\eShop.ClientApp.UnitTests\eShop.ClientApp.UnitTests.csproj", "{B6CDEA48-E64D-43B9-959F-0C51DE8742EC}"
EndProject
Project("{FAE04EC0-301F-11D3-BF4B-00C04F79EFBC}") = "eShop.Ordering.Contracts", "src\eShop.Ordering.Contracts\eShop.Ordering.Contracts.csproj", "{D8384038-6A69-44D6-9601-D865476BCE75}"
EndProject
Project("{FAE04EC0-301F-11D3-BF4B-00C04F79EFBC}") = "eShop.Customer.API", "src\eShop.Customer.API\eShop.Customer.API.csproj", "{FEC52DE3-2C79-4DAB-AB08-FBAC90680EAE}"
EndProject
Project("{FAE04EC0-301F-11D3-BF4B-00C04F79EFBC}") = "eShop.Customer.Contracts", "src\eShop.Customer.Contracts\eShop.Customer.Contracts.csproj", "{5208AB98-5FFD-4F3E-A454-FB4B3BD2AFA2}"
EndProject
Project("{FAE04EC0-301F-11D3-BF4B-00C04F79EFBC}") = "eShop.Customer.Domain", "src\eShop.Customer.Domain\eShop.Customer.Domain.csproj", "{B4079705-ADE7-4734-9CBF-07DF4D5BBE49}"
EndProject
Project("{FAE04EC0-301F-11D3-BF4B-00C04F79EFBC}") = "eShop.Customer.Infrastructure", "src\eShop.Customer.Infrastructure\eShop.Customer.Infrastructure.csproj", "{C305C4C2-F9F3-4700-B2B6-B702F91A997C}"
EndProject
Project("{FAE04EC0-301F-11D3-BF4B-00C04F79EFBC}") = "eShop.Identity.Contracts", "src\eShop.Identity.Contracts\eShop.Identity.Contracts.csproj", "{81029E31-C362-4155-A726-6721324BEE35}"
EndProject
Project("{FAE04EC0-301F-11D3-BF4B-00C04F79EFBC}") = "eShop.Identity.UnitTests", "tests\eShop.Identity.UnitTests\eShop.Identity.UnitTests.csproj", "{F22531E8-55F1-405E-AED4-FD72DBCE65CE}"
EndProject
Project("{2150E333-8FDC-42A3-9474-1A3956D46DE8}") = "GitHub Actions", "GitHub Actions", "{9EB9BB7F-F027-4C94-8F63-786A1E16896B}"
	ProjectSection(SolutionItems) = preProject
		.github\workflows\feature-branch.yml = .github\workflows\feature-branch.yml
		.github\workflows\pr-validation-maui.yml = .github\workflows\pr-validation-maui.yml
		.github\workflows\pr-validation.yml = .github\workflows\pr-validation.yml
	EndProjectSection
EndProject
Project("{FAE04EC0-301F-11D3-BF4B-00C04F79EFBC}") = "eShop.Customer.UnitTests", "tests\eShop.Customer.UnitTests\eShop.Customer.UnitTests.csproj", "{608FD3BC-34AE-4D5D-8713-DD0564EE593D}"
EndProject
Project("{FAE04EC0-301F-11D3-BF4B-00C04F79EFBC}") = "eShop.Customer.FunctionalTests", "tests\eShop.Customer.FunctionalTests\eShop.Customer.FunctionalTests.csproj", "{5D6B33E1-3776-4424-9E2F-A178BEBF78E1}"
EndProject
Project("{FAE04EC0-301F-11D3-BF4B-00C04F79EFBC}") = "eShop.MasterData.API", "src\eShop.MasterData.API\eShop.MasterData.API.csproj", "{0008B6CB-00A1-4E6D-8582-6C16DE96CFD7}"
EndProject
Project("{FAE04EC0-301F-11D3-BF4B-00C04F79EFBC}") = "eShop.MasterData.Contracts", "src\eShop.MasterData.Contracts\eShop.MasterData.Contracts.csproj", "{FA8A8A43-60F0-4B40-9374-7F37C3DB597F}"
EndProject
Project("{FAE04EC0-301F-11D3-BF4B-00C04F79EFBC}") = "eShop.Catalog.Contracts", "src\eShop.Catalog.Contracts\eShop.Catalog.Contracts.csproj", "{27D3DD49-1527-48BC-B33E-ED4761B69FED}"
EndProject
Project("{FAE04EC0-301F-11D3-BF4B-00C04F79EFBC}") = "eShop.AdminApp.UnitTests", "tests\eShop.AdminApp.UnitTests\eShop.AdminApp.UnitTests.csproj", "{8F0CEF40-FEC7-47B3-805A-66E61F35B9A4}"
EndProject
Project("{FAE04EC0-301F-11D3-BF4B-00C04F79EFBC}") = "eShop.EventBus.Dapr", "src\eShop.EventBus.Dapr\eShop.EventBus.Dapr.csproj", "{ED7020D3-805A-4C05-9B51-76F5CD5B0E28}"
EndProject
Project("{FAE04EC0-301F-11D3-BF4B-00C04F79EFBC}") = "eShop.ServiceInvocation", "src\eShop.ServiceInvocation\eShop.ServiceInvocation.csproj", "{ED9201F6-3182-45EE-971E-A8643402F4A9}"
EndProject
Global
	GlobalSection(SolutionConfigurationPlatforms) = preSolution
		Debug|Any CPU = Debug|Any CPU
		Release|Any CPU = Release|Any CPU
	EndGlobalSection
	GlobalSection(ProjectConfigurationPlatforms) = postSolution
		{F3DCC17A-F57E-452B-900D-613957EE34FA}.Debug|Any CPU.ActiveCfg = Debug|Any CPU
		{F3DCC17A-F57E-452B-900D-613957EE34FA}.Debug|Any CPU.Build.0 = Debug|Any CPU
		{F3DCC17A-F57E-452B-900D-613957EE34FA}.Release|Any CPU.ActiveCfg = Release|Any CPU
		{F3DCC17A-F57E-452B-900D-613957EE34FA}.Release|Any CPU.Build.0 = Release|Any CPU
		{CB04FF2E-F033-487F-8CC1-F2D3490F2187}.Debug|Any CPU.ActiveCfg = Debug|Any CPU
		{CB04FF2E-F033-487F-8CC1-F2D3490F2187}.Debug|Any CPU.Build.0 = Debug|Any CPU
		{CB04FF2E-F033-487F-8CC1-F2D3490F2187}.Release|Any CPU.ActiveCfg = Release|Any CPU
		{CB04FF2E-F033-487F-8CC1-F2D3490F2187}.Release|Any CPU.Build.0 = Release|Any CPU
		{71B91168-EC19-4F90-8115-5C8CC2433832}.Debug|Any CPU.ActiveCfg = Debug|Any CPU
		{71B91168-EC19-4F90-8115-5C8CC2433832}.Debug|Any CPU.Build.0 = Debug|Any CPU
		{71B91168-EC19-4F90-8115-5C8CC2433832}.Release|Any CPU.ActiveCfg = Release|Any CPU
		{71B91168-EC19-4F90-8115-5C8CC2433832}.Release|Any CPU.Build.0 = Release|Any CPU
		{A69A6B40-D9AA-45DF-90BD-1D80D0DA705B}.Debug|Any CPU.ActiveCfg = Debug|Any CPU
		{A69A6B40-D9AA-45DF-90BD-1D80D0DA705B}.Debug|Any CPU.Build.0 = Debug|Any CPU
		{A69A6B40-D9AA-45DF-90BD-1D80D0DA705B}.Release|Any CPU.ActiveCfg = Release|Any CPU
		{A69A6B40-D9AA-45DF-90BD-1D80D0DA705B}.Release|Any CPU.Build.0 = Release|Any CPU
		{8A590796-7F42-41EA-B25B-5CA8F8174B89}.Debug|Any CPU.ActiveCfg = Debug|Any CPU
		{8A590796-7F42-41EA-B25B-5CA8F8174B89}.Debug|Any CPU.Build.0 = Debug|Any CPU
		{8A590796-7F42-41EA-B25B-5CA8F8174B89}.Release|Any CPU.ActiveCfg = Release|Any CPU
		{8A590796-7F42-41EA-B25B-5CA8F8174B89}.Release|Any CPU.Build.0 = Release|Any CPU
		{15DB819C-F402-4B42-B067-4A03C3304527}.Debug|Any CPU.ActiveCfg = Debug|Any CPU
		{15DB819C-F402-4B42-B067-4A03C3304527}.Debug|Any CPU.Build.0 = Debug|Any CPU
		{15DB819C-F402-4B42-B067-4A03C3304527}.Release|Any CPU.ActiveCfg = Release|Any CPU
		{15DB819C-F402-4B42-B067-4A03C3304527}.Release|Any CPU.Build.0 = Release|Any CPU
		{CD4D47BF-5ED9-4C02-B034-1F237113C948}.Debug|Any CPU.ActiveCfg = Debug|Any CPU
		{CD4D47BF-5ED9-4C02-B034-1F237113C948}.Debug|Any CPU.Build.0 = Debug|Any CPU
		{CD4D47BF-5ED9-4C02-B034-1F237113C948}.Release|Any CPU.ActiveCfg = Release|Any CPU
		{CD4D47BF-5ED9-4C02-B034-1F237113C948}.Release|Any CPU.Build.0 = Release|Any CPU
		{91B3E40A-5A5D-43A1-9A06-3C39C1E879AF}.Debug|Any CPU.ActiveCfg = Debug|Any CPU
		{91B3E40A-5A5D-43A1-9A06-3C39C1E879AF}.Debug|Any CPU.Build.0 = Debug|Any CPU
		{91B3E40A-5A5D-43A1-9A06-3C39C1E879AF}.Release|Any CPU.ActiveCfg = Release|Any CPU
		{91B3E40A-5A5D-43A1-9A06-3C39C1E879AF}.Release|Any CPU.Build.0 = Release|Any CPU
		{5179B3CC-A690-4BE0-92F6-517D9991B8B3}.Debug|Any CPU.ActiveCfg = Debug|Any CPU
		{5179B3CC-A690-4BE0-92F6-517D9991B8B3}.Debug|Any CPU.Build.0 = Debug|Any CPU
		{5179B3CC-A690-4BE0-92F6-517D9991B8B3}.Release|Any CPU.ActiveCfg = Release|Any CPU
		{5179B3CC-A690-4BE0-92F6-517D9991B8B3}.Release|Any CPU.Build.0 = Release|Any CPU
		{6B83C1E6-2CCE-4EB8-BA7E-C299BB1BB9F4}.Debug|Any CPU.ActiveCfg = Debug|Any CPU
		{6B83C1E6-2CCE-4EB8-BA7E-C299BB1BB9F4}.Debug|Any CPU.Build.0 = Debug|Any CPU
		{6B83C1E6-2CCE-4EB8-BA7E-C299BB1BB9F4}.Release|Any CPU.ActiveCfg = Release|Any CPU
		{6B83C1E6-2CCE-4EB8-BA7E-C299BB1BB9F4}.Release|Any CPU.Build.0 = Release|Any CPU
		{BC0D7453-2A4E-48FD-A947-7FC07367947C}.Debug|Any CPU.ActiveCfg = Debug|Any CPU
		{BC0D7453-2A4E-48FD-A947-7FC07367947C}.Debug|Any CPU.Build.0 = Debug|Any CPU
		{BC0D7453-2A4E-48FD-A947-7FC07367947C}.Release|Any CPU.ActiveCfg = Release|Any CPU
		{BC0D7453-2A4E-48FD-A947-7FC07367947C}.Release|Any CPU.Build.0 = Release|Any CPU
		{560B1785-AE6E-4A09-BD8D-70E022261521}.Debug|Any CPU.ActiveCfg = Debug|Any CPU
		{560B1785-AE6E-4A09-BD8D-70E022261521}.Debug|Any CPU.Build.0 = Debug|Any CPU
		{560B1785-AE6E-4A09-BD8D-70E022261521}.Release|Any CPU.ActiveCfg = Release|Any CPU
		{560B1785-AE6E-4A09-BD8D-70E022261521}.Release|Any CPU.Build.0 = Release|Any CPU
		{582B3DA1-2207-4E47-A397-CD14662CC3E7}.Debug|Any CPU.ActiveCfg = Debug|Any CPU
		{582B3DA1-2207-4E47-A397-CD14662CC3E7}.Debug|Any CPU.Build.0 = Debug|Any CPU
		{582B3DA1-2207-4E47-A397-CD14662CC3E7}.Release|Any CPU.ActiveCfg = Release|Any CPU
		{582B3DA1-2207-4E47-A397-CD14662CC3E7}.Release|Any CPU.Build.0 = Release|Any CPU
		{463FEAF2-49BA-4AED-BC48-72B837E15D8D}.Debug|Any CPU.ActiveCfg = Debug|Any CPU
		{463FEAF2-49BA-4AED-BC48-72B837E15D8D}.Debug|Any CPU.Build.0 = Debug|Any CPU
		{463FEAF2-49BA-4AED-BC48-72B837E15D8D}.Release|Any CPU.ActiveCfg = Release|Any CPU
		{463FEAF2-49BA-4AED-BC48-72B837E15D8D}.Release|Any CPU.Build.0 = Release|Any CPU
		{B6D41AB8-1AEB-4643-A6B7-129C30442E9E}.Debug|Any CPU.ActiveCfg = Debug|Any CPU
		{B6D41AB8-1AEB-4643-A6B7-129C30442E9E}.Debug|Any CPU.Build.0 = Debug|Any CPU
		{B6D41AB8-1AEB-4643-A6B7-129C30442E9E}.Release|Any CPU.ActiveCfg = Release|Any CPU
		{B6D41AB8-1AEB-4643-A6B7-129C30442E9E}.Release|Any CPU.Build.0 = Release|Any CPU
		{11112D17-7792-4482-B50D-343E267A38C2}.Debug|Any CPU.ActiveCfg = Debug|Any CPU
		{11112D17-7792-4482-B50D-343E267A38C2}.Debug|Any CPU.Build.0 = Debug|Any CPU
		{11112D17-7792-4482-B50D-343E267A38C2}.Release|Any CPU.ActiveCfg = Release|Any CPU
		{11112D17-7792-4482-B50D-343E267A38C2}.Release|Any CPU.Build.0 = Release|Any CPU
		{602DA204-9B13-404A-846A-5A51D3D994C4}.Debug|Any CPU.ActiveCfg = Debug|Any CPU
		{602DA204-9B13-404A-846A-5A51D3D994C4}.Debug|Any CPU.Build.0 = Debug|Any CPU
		{602DA204-9B13-404A-846A-5A51D3D994C4}.Release|Any CPU.ActiveCfg = Release|Any CPU
		{602DA204-9B13-404A-846A-5A51D3D994C4}.Release|Any CPU.Build.0 = Release|Any CPU
		{88F3D7FF-ABC8-4A8F-A58A-98EE91F43D9A}.Debug|Any CPU.ActiveCfg = Debug|Any CPU
		{88F3D7FF-ABC8-4A8F-A58A-98EE91F43D9A}.Debug|Any CPU.Build.0 = Debug|Any CPU
		{88F3D7FF-ABC8-4A8F-A58A-98EE91F43D9A}.Release|Any CPU.ActiveCfg = Release|Any CPU
		{88F3D7FF-ABC8-4A8F-A58A-98EE91F43D9A}.Release|Any CPU.Build.0 = Release|Any CPU
		{2FF97C5D-8496-40B5-A9C1-21B05409EAB7}.Debug|Any CPU.ActiveCfg = Debug|Any CPU
		{2FF97C5D-8496-40B5-A9C1-21B05409EAB7}.Debug|Any CPU.Build.0 = Debug|Any CPU
		{2FF97C5D-8496-40B5-A9C1-21B05409EAB7}.Release|Any CPU.ActiveCfg = Release|Any CPU
		{2FF97C5D-8496-40B5-A9C1-21B05409EAB7}.Release|Any CPU.Build.0 = Release|Any CPU
		{432F0581-BB6C-42D7-9611-FAA8896515C4}.Debug|Any CPU.ActiveCfg = Debug|Any CPU
		{432F0581-BB6C-42D7-9611-FAA8896515C4}.Debug|Any CPU.Build.0 = Debug|Any CPU
		{432F0581-BB6C-42D7-9611-FAA8896515C4}.Release|Any CPU.ActiveCfg = Release|Any CPU
		{432F0581-BB6C-42D7-9611-FAA8896515C4}.Release|Any CPU.Build.0 = Release|Any CPU
		{52122442-04AD-4471-965F-C1A4B69B42DC}.Debug|Any CPU.ActiveCfg = Debug|Any CPU
		{52122442-04AD-4471-965F-C1A4B69B42DC}.Debug|Any CPU.Build.0 = Debug|Any CPU
		{52122442-04AD-4471-965F-C1A4B69B42DC}.Release|Any CPU.ActiveCfg = Release|Any CPU
		{52122442-04AD-4471-965F-C1A4B69B42DC}.Release|Any CPU.Build.0 = Release|Any CPU
		{3B53D07B-F058-49B1-ADA7-D335A9B5FC76}.Debug|Any CPU.ActiveCfg = Debug|Any CPU
		{3B53D07B-F058-49B1-ADA7-D335A9B5FC76}.Debug|Any CPU.Build.0 = Debug|Any CPU
		{3B53D07B-F058-49B1-ADA7-D335A9B5FC76}.Release|Any CPU.ActiveCfg = Release|Any CPU
		{3B53D07B-F058-49B1-ADA7-D335A9B5FC76}.Release|Any CPU.Build.0 = Release|Any CPU
		{9A71E1F9-1832-4644-8DD6-FC1501D7CD9D}.Debug|Any CPU.ActiveCfg = Debug|Any CPU
		{9A71E1F9-1832-4644-8DD6-FC1501D7CD9D}.Debug|Any CPU.Build.0 = Debug|Any CPU
		{9A71E1F9-1832-4644-8DD6-FC1501D7CD9D}.Release|Any CPU.ActiveCfg = Release|Any CPU
		{9A71E1F9-1832-4644-8DD6-FC1501D7CD9D}.Release|Any CPU.Build.0 = Release|Any CPU
		{2C29E422-B7BD-4E24-9774-9ECBC8418B39}.Debug|Any CPU.ActiveCfg = Debug|Any CPU
		{2C29E422-B7BD-4E24-9774-9ECBC8418B39}.Debug|Any CPU.Build.0 = Debug|Any CPU
		{2C29E422-B7BD-4E24-9774-9ECBC8418B39}.Release|Any CPU.ActiveCfg = Release|Any CPU
		{2C29E422-B7BD-4E24-9774-9ECBC8418B39}.Release|Any CPU.Build.0 = Release|Any CPU
		{B95EC9DB-08A3-4758-90CF-812B353F28CF}.Debug|Any CPU.ActiveCfg = Debug|Any CPU
		{B95EC9DB-08A3-4758-90CF-812B353F28CF}.Debug|Any CPU.Build.0 = Debug|Any CPU
		{B95EC9DB-08A3-4758-90CF-812B353F28CF}.Release|Any CPU.ActiveCfg = Release|Any CPU
		{B95EC9DB-08A3-4758-90CF-812B353F28CF}.Release|Any CPU.Build.0 = Release|Any CPU
		{6F00F87B-B1EA-4EF9-B3A5-C73E6BCFA6DB}.Debug|Any CPU.ActiveCfg = Debug|Any CPU
		{6F00F87B-B1EA-4EF9-B3A5-C73E6BCFA6DB}.Debug|Any CPU.Build.0 = Debug|Any CPU
		{6F00F87B-B1EA-4EF9-B3A5-C73E6BCFA6DB}.Release|Any CPU.ActiveCfg = Release|Any CPU
		{6F00F87B-B1EA-4EF9-B3A5-C73E6BCFA6DB}.Release|Any CPU.Build.0 = Release|Any CPU
		{5AF6F3D9-E2C9-4BC1-A70D-2D40C8264651}.Debug|Any CPU.ActiveCfg = Debug|Any CPU
		{5AF6F3D9-E2C9-4BC1-A70D-2D40C8264651}.Debug|Any CPU.Build.0 = Debug|Any CPU
		{5AF6F3D9-E2C9-4BC1-A70D-2D40C8264651}.Release|Any CPU.ActiveCfg = Release|Any CPU
		{5AF6F3D9-E2C9-4BC1-A70D-2D40C8264651}.Release|Any CPU.Build.0 = Release|Any CPU
		{F5927412-7615-4615-9B26-1B8BC4693318}.Debug|Any CPU.ActiveCfg = Debug|Any CPU
		{F5927412-7615-4615-9B26-1B8BC4693318}.Debug|Any CPU.Build.0 = Debug|Any CPU
		{F5927412-7615-4615-9B26-1B8BC4693318}.Release|Any CPU.ActiveCfg = Release|Any CPU
		{F5927412-7615-4615-9B26-1B8BC4693318}.Release|Any CPU.Build.0 = Release|Any CPU
		{7AA167EE-F6C6-4627-8E0C-CF1CC9BEC594}.Debug|Any CPU.ActiveCfg = Debug|Any CPU
		{7AA167EE-F6C6-4627-8E0C-CF1CC9BEC594}.Debug|Any CPU.Build.0 = Debug|Any CPU
		{7AA167EE-F6C6-4627-8E0C-CF1CC9BEC594}.Release|Any CPU.ActiveCfg = Release|Any CPU
		{7AA167EE-F6C6-4627-8E0C-CF1CC9BEC594}.Release|Any CPU.Build.0 = Release|Any CPU
		{759AC5D5-3F15-4E4F-BF63-65F2E8701038}.Debug|Any CPU.ActiveCfg = Debug|Any CPU
		{759AC5D5-3F15-4E4F-BF63-65F2E8701038}.Debug|Any CPU.Build.0 = Debug|Any CPU
		{759AC5D5-3F15-4E4F-BF63-65F2E8701038}.Release|Any CPU.ActiveCfg = Release|Any CPU
		{759AC5D5-3F15-4E4F-BF63-65F2E8701038}.Release|Any CPU.Build.0 = Release|Any CPU
		{006037A3-E359-4DF0-A772-15E854DC2A1C}.Debug|Any CPU.ActiveCfg = Debug|Any CPU
		{006037A3-E359-4DF0-A772-15E854DC2A1C}.Debug|Any CPU.Build.0 = Debug|Any CPU
		{006037A3-E359-4DF0-A772-15E854DC2A1C}.Release|Any CPU.ActiveCfg = Release|Any CPU
		{006037A3-E359-4DF0-A772-15E854DC2A1C}.Release|Any CPU.Build.0 = Release|Any CPU
		{B6CDEA48-E64D-43B9-959F-0C51DE8742EC}.Debug|Any CPU.ActiveCfg = Debug|Any CPU
		{B6CDEA48-E64D-43B9-959F-0C51DE8742EC}.Debug|Any CPU.Build.0 = Debug|Any CPU
		{B6CDEA48-E64D-43B9-959F-0C51DE8742EC}.Release|Any CPU.ActiveCfg = Release|Any CPU
		{B6CDEA48-E64D-43B9-959F-0C51DE8742EC}.Release|Any CPU.Build.0 = Release|Any CPU
		{D8384038-6A69-44D6-9601-D865476BCE75}.Debug|Any CPU.ActiveCfg = Debug|Any CPU
		{D8384038-6A69-44D6-9601-D865476BCE75}.Debug|Any CPU.Build.0 = Debug|Any CPU
		{D8384038-6A69-44D6-9601-D865476BCE75}.Release|Any CPU.ActiveCfg = Release|Any CPU
		{D8384038-6A69-44D6-9601-D865476BCE75}.Release|Any CPU.Build.0 = Release|Any CPU
		{FEC52DE3-2C79-4DAB-AB08-FBAC90680EAE}.Debug|Any CPU.ActiveCfg = Debug|Any CPU
		{FEC52DE3-2C79-4DAB-AB08-FBAC90680EAE}.Debug|Any CPU.Build.0 = Debug|Any CPU
		{FEC52DE3-2C79-4DAB-AB08-FBAC90680EAE}.Release|Any CPU.ActiveCfg = Release|Any CPU
		{FEC52DE3-2C79-4DAB-AB08-FBAC90680EAE}.Release|Any CPU.Build.0 = Release|Any CPU
		{5208AB98-5FFD-4F3E-A454-FB4B3BD2AFA2}.Debug|Any CPU.ActiveCfg = Debug|Any CPU
		{5208AB98-5FFD-4F3E-A454-FB4B3BD2AFA2}.Debug|Any CPU.Build.0 = Debug|Any CPU
		{5208AB98-5FFD-4F3E-A454-FB4B3BD2AFA2}.Release|Any CPU.ActiveCfg = Release|Any CPU
		{5208AB98-5FFD-4F3E-A454-FB4B3BD2AFA2}.Release|Any CPU.Build.0 = Release|Any CPU
		{B4079705-ADE7-4734-9CBF-07DF4D5BBE49}.Debug|Any CPU.ActiveCfg = Debug|Any CPU
		{B4079705-ADE7-4734-9CBF-07DF4D5BBE49}.Debug|Any CPU.Build.0 = Debug|Any CPU
		{B4079705-ADE7-4734-9CBF-07DF4D5BBE49}.Release|Any CPU.ActiveCfg = Release|Any CPU
		{B4079705-ADE7-4734-9CBF-07DF4D5BBE49}.Release|Any CPU.Build.0 = Release|Any CPU
		{C305C4C2-F9F3-4700-B2B6-B702F91A997C}.Debug|Any CPU.ActiveCfg = Debug|Any CPU
		{C305C4C2-F9F3-4700-B2B6-B702F91A997C}.Debug|Any CPU.Build.0 = Debug|Any CPU
		{C305C4C2-F9F3-4700-B2B6-B702F91A997C}.Release|Any CPU.ActiveCfg = Release|Any CPU
		{C305C4C2-F9F3-4700-B2B6-B702F91A997C}.Release|Any CPU.Build.0 = Release|Any CPU
		{81029E31-C362-4155-A726-6721324BEE35}.Debug|Any CPU.ActiveCfg = Debug|Any CPU
		{81029E31-C362-4155-A726-6721324BEE35}.Debug|Any CPU.Build.0 = Debug|Any CPU
		{81029E31-C362-4155-A726-6721324BEE35}.Release|Any CPU.ActiveCfg = Release|Any CPU
		{81029E31-C362-4155-A726-6721324BEE35}.Release|Any CPU.Build.0 = Release|Any CPU
		{F22531E8-55F1-405E-AED4-FD72DBCE65CE}.Debug|Any CPU.ActiveCfg = Debug|Any CPU
		{F22531E8-55F1-405E-AED4-FD72DBCE65CE}.Debug|Any CPU.Build.0 = Debug|Any CPU
		{F22531E8-55F1-405E-AED4-FD72DBCE65CE}.Release|Any CPU.ActiveCfg = Release|Any CPU
		{F22531E8-55F1-405E-AED4-FD72DBCE65CE}.Release|Any CPU.Build.0 = Release|Any CPU
		{608FD3BC-34AE-4D5D-8713-DD0564EE593D}.Debug|Any CPU.ActiveCfg = Debug|Any CPU
		{608FD3BC-34AE-4D5D-8713-DD0564EE593D}.Debug|Any CPU.Build.0 = Debug|Any CPU
		{608FD3BC-34AE-4D5D-8713-DD0564EE593D}.Release|Any CPU.ActiveCfg = Release|Any CPU
		{608FD3BC-34AE-4D5D-8713-DD0564EE593D}.Release|Any CPU.Build.0 = Release|Any CPU
		{5D6B33E1-3776-4424-9E2F-A178BEBF78E1}.Debug|Any CPU.ActiveCfg = Debug|Any CPU
		{5D6B33E1-3776-4424-9E2F-A178BEBF78E1}.Debug|Any CPU.Build.0 = Debug|Any CPU
		{5D6B33E1-3776-4424-9E2F-A178BEBF78E1}.Release|Any CPU.ActiveCfg = Release|Any CPU
		{5D6B33E1-3776-4424-9E2F-A178BEBF78E1}.Release|Any CPU.Build.0 = Release|Any CPU
		{0008B6CB-00A1-4E6D-8582-6C16DE96CFD7}.Debug|Any CPU.ActiveCfg = Debug|Any CPU
		{0008B6CB-00A1-4E6D-8582-6C16DE96CFD7}.Debug|Any CPU.Build.0 = Debug|Any CPU
		{0008B6CB-00A1-4E6D-8582-6C16DE96CFD7}.Release|Any CPU.ActiveCfg = Release|Any CPU
		{0008B6CB-00A1-4E6D-8582-6C16DE96CFD7}.Release|Any CPU.Build.0 = Release|Any CPU
		{FA8A8A43-60F0-4B40-9374-7F37C3DB597F}.Debug|Any CPU.ActiveCfg = Debug|Any CPU
		{FA8A8A43-60F0-4B40-9374-7F37C3DB597F}.Debug|Any CPU.Build.0 = Debug|Any CPU
		{FA8A8A43-60F0-4B40-9374-7F37C3DB597F}.Release|Any CPU.ActiveCfg = Release|Any CPU
		{FA8A8A43-60F0-4B40-9374-7F37C3DB597F}.Release|Any CPU.Build.0 = Release|Any CPU
		{27D3DD49-1527-48BC-B33E-ED4761B69FED}.Debug|Any CPU.ActiveCfg = Debug|Any CPU
		{27D3DD49-1527-48BC-B33E-ED4761B69FED}.Debug|Any CPU.Build.0 = Debug|Any CPU
		{27D3DD49-1527-48BC-B33E-ED4761B69FED}.Release|Any CPU.ActiveCfg = Release|Any CPU
		{27D3DD49-1527-48BC-B33E-ED4761B69FED}.Release|Any CPU.Build.0 = Release|Any CPU
		{8F0CEF40-FEC7-47B3-805A-66E61F35B9A4}.Debug|Any CPU.ActiveCfg = Debug|Any CPU
		{8F0CEF40-FEC7-47B3-805A-66E61F35B9A4}.Debug|Any CPU.Build.0 = Debug|Any CPU
		{8F0CEF40-FEC7-47B3-805A-66E61F35B9A4}.Release|Any CPU.ActiveCfg = Release|Any CPU
		{8F0CEF40-FEC7-47B3-805A-66E61F35B9A4}.Release|Any CPU.Build.0 = Release|Any CPU
		{ED7020D3-805A-4C05-9B51-76F5CD5B0E28}.Debug|Any CPU.ActiveCfg = Debug|Any CPU
		{ED7020D3-805A-4C05-9B51-76F5CD5B0E28}.Debug|Any CPU.Build.0 = Debug|Any CPU
		{ED7020D3-805A-4C05-9B51-76F5CD5B0E28}.Release|Any CPU.ActiveCfg = Release|Any CPU
		{ED7020D3-805A-4C05-9B51-76F5CD5B0E28}.Release|Any CPU.Build.0 = Release|Any CPU
		{ED9201F6-3182-45EE-971E-A8643402F4A9}.Debug|Any CPU.ActiveCfg = Debug|Any CPU
		{ED9201F6-3182-45EE-971E-A8643402F4A9}.Debug|Any CPU.Build.0 = Debug|Any CPU
		{ED9201F6-3182-45EE-971E-A8643402F4A9}.Release|Any CPU.ActiveCfg = Release|Any CPU
		{ED9201F6-3182-45EE-971E-A8643402F4A9}.Release|Any CPU.Build.0 = Release|Any CPU
	EndGlobalSection
	GlobalSection(SolutionProperties) = preSolution
		HideSolutionNode = FALSE
	EndGlobalSection
	GlobalSection(NestedProjects) = preSolution
		{F3DCC17A-F57E-452B-900D-613957EE34FA} = {932D8224-11F6-4D07-B109-DA28AD288A63}
		{CB04FF2E-F033-487F-8CC1-F2D3490F2187} = {932D8224-11F6-4D07-B109-DA28AD288A63}
		{71B91168-EC19-4F90-8115-5C8CC2433832} = {932D8224-11F6-4D07-B109-DA28AD288A63}
		{57C33C59-7015-4819-831D-2FC7CC7DF285} = {A857AD10-40FF-4303-BEC2-FF1C58D5735E}
		{A69A6B40-D9AA-45DF-90BD-1D80D0DA705B} = {A857AD10-40FF-4303-BEC2-FF1C58D5735E}
		{8A590796-7F42-41EA-B25B-5CA8F8174B89} = {932D8224-11F6-4D07-B109-DA28AD288A63}
		{15DB819C-F402-4B42-B067-4A03C3304527} = {A857AD10-40FF-4303-BEC2-FF1C58D5735E}
		{CD4D47BF-5ED9-4C02-B034-1F237113C948} = {932D8224-11F6-4D07-B109-DA28AD288A63}
		{91B3E40A-5A5D-43A1-9A06-3C39C1E879AF} = {932D8224-11F6-4D07-B109-DA28AD288A63}
		{5179B3CC-A690-4BE0-92F6-517D9991B8B3} = {932D8224-11F6-4D07-B109-DA28AD288A63}
		{6B83C1E6-2CCE-4EB8-BA7E-C299BB1BB9F4} = {932D8224-11F6-4D07-B109-DA28AD288A63}
		{BC0D7453-2A4E-48FD-A947-7FC07367947C} = {932D8224-11F6-4D07-B109-DA28AD288A63}
		{560B1785-AE6E-4A09-BD8D-70E022261521} = {932D8224-11F6-4D07-B109-DA28AD288A63}
		{582B3DA1-2207-4E47-A397-CD14662CC3E7} = {932D8224-11F6-4D07-B109-DA28AD288A63}
		{463FEAF2-49BA-4AED-BC48-72B837E15D8D} = {932D8224-11F6-4D07-B109-DA28AD288A63}
		{B6D41AB8-1AEB-4643-A6B7-129C30442E9E} = {932D8224-11F6-4D07-B109-DA28AD288A63}
		{11112D17-7792-4482-B50D-343E267A38C2} = {932D8224-11F6-4D07-B109-DA28AD288A63}
		{602DA204-9B13-404A-846A-5A51D3D994C4} = {932D8224-11F6-4D07-B109-DA28AD288A63}
		{88F3D7FF-ABC8-4A8F-A58A-98EE91F43D9A} = {932D8224-11F6-4D07-B109-DA28AD288A63}
		{2FF97C5D-8496-40B5-A9C1-21B05409EAB7} = {932D8224-11F6-4D07-B109-DA28AD288A63}
		{432F0581-BB6C-42D7-9611-FAA8896515C4} = {932D8224-11F6-4D07-B109-DA28AD288A63}
		{52122442-04AD-4471-965F-C1A4B69B42DC} = {932D8224-11F6-4D07-B109-DA28AD288A63}
		{3B53D07B-F058-49B1-ADA7-D335A9B5FC76} = {932D8224-11F6-4D07-B109-DA28AD288A63}
		{9A71E1F9-1832-4644-8DD6-FC1501D7CD9D} = {A857AD10-40FF-4303-BEC2-FF1C58D5735E}
		{2C29E422-B7BD-4E24-9774-9ECBC8418B39} = {A857AD10-40FF-4303-BEC2-FF1C58D5735E}
		{B95EC9DB-08A3-4758-90CF-812B353F28CF} = {A857AD10-40FF-4303-BEC2-FF1C58D5735E}
		{6F00F87B-B1EA-4EF9-B3A5-C73E6BCFA6DB} = {A857AD10-40FF-4303-BEC2-FF1C58D5735E}
		{5AF6F3D9-E2C9-4BC1-A70D-2D40C8264651} = {A857AD10-40FF-4303-BEC2-FF1C58D5735E}
		{F5927412-7615-4615-9B26-1B8BC4693318} = {A857AD10-40FF-4303-BEC2-FF1C58D5735E}
		{7AA167EE-F6C6-4627-8E0C-CF1CC9BEC594} = {A857AD10-40FF-4303-BEC2-FF1C58D5735E}
		{759AC5D5-3F15-4E4F-BF63-65F2E8701038} = {932D8224-11F6-4D07-B109-DA28AD288A63}
		{006037A3-E359-4DF0-A772-15E854DC2A1C} = {932D8224-11F6-4D07-B109-DA28AD288A63}
		{B6CDEA48-E64D-43B9-959F-0C51DE8742EC} = {A857AD10-40FF-4303-BEC2-FF1C58D5735E}
		{D8384038-6A69-44D6-9601-D865476BCE75} = {932D8224-11F6-4D07-B109-DA28AD288A63}
		{FEC52DE3-2C79-4DAB-AB08-FBAC90680EAE} = {932D8224-11F6-4D07-B109-DA28AD288A63}
		{5208AB98-5FFD-4F3E-A454-FB4B3BD2AFA2} = {932D8224-11F6-4D07-B109-DA28AD288A63}
		{B4079705-ADE7-4734-9CBF-07DF4D5BBE49} = {932D8224-11F6-4D07-B109-DA28AD288A63}
		{C305C4C2-F9F3-4700-B2B6-B702F91A997C} = {932D8224-11F6-4D07-B109-DA28AD288A63}
		{81029E31-C362-4155-A726-6721324BEE35} = {932D8224-11F6-4D07-B109-DA28AD288A63}
		{F22531E8-55F1-405E-AED4-FD72DBCE65CE} = {A857AD10-40FF-4303-BEC2-FF1C58D5735E}
		{9EB9BB7F-F027-4C94-8F63-786A1E16896B} = {3AF739CD-81D8-428D-A08A-0A58372DEBF6}
		{608FD3BC-34AE-4D5D-8713-DD0564EE593D} = {A857AD10-40FF-4303-BEC2-FF1C58D5735E}
		{5D6B33E1-3776-4424-9E2F-A178BEBF78E1} = {A857AD10-40FF-4303-BEC2-FF1C58D5735E}
		{0008B6CB-00A1-4E6D-8582-6C16DE96CFD7} = {932D8224-11F6-4D07-B109-DA28AD288A63}
		{FA8A8A43-60F0-4B40-9374-7F37C3DB597F} = {932D8224-11F6-4D07-B109-DA28AD288A63}
		{27D3DD49-1527-48BC-B33E-ED4761B69FED} = {932D8224-11F6-4D07-B109-DA28AD288A63}
		{8F0CEF40-FEC7-47B3-805A-66E61F35B9A4} = {A857AD10-40FF-4303-BEC2-FF1C58D5735E}
		{ED7020D3-805A-4C05-9B51-76F5CD5B0E28} = {932D8224-11F6-4D07-B109-DA28AD288A63}
		{ED9201F6-3182-45EE-971E-A8643402F4A9} = {932D8224-11F6-4D07-B109-DA28AD288A63}
	EndGlobalSection
	GlobalSection(ExtensibilityGlobals) = postSolution
		SolutionGuid = {25728519-5F0F-4973-8A64-0A81EB4EA8D9}
	EndGlobalSection
EndGlobal
